{
  "nodes": {
    "flake-utils": {
      "inputs": {
        "systems": "systems"
      },
      "locked": {
        "lastModified": 1701680307,
        "narHash": "sha256-kAuep2h5ajznlPMD9rnQyffWG8EM/C73lejGofXvdM8=",
        "owner": "numtide",
        "repo": "flake-utils",
        "rev": "4022d587cbbfd70fe950c1e2083a02621806a725",
        "type": "github"
      },
      "original": {
        "owner": "numtide",
        "repo": "flake-utils",
        "type": "github"
      }
    },
    "nixpkgs": {
      "locked": {
        "lastModified": 1703438236,
        "narHash": "sha256-aqVBq1u09yFhL7bj1/xyUeJjzr92fXVvQSSEx6AdB1M=",
        "owner": "nixos",
        "repo": "nixpkgs",
        "rev": "5f64a12a728902226210bf01d25ec6cbb9d9265b",
        "type": "github"
      },
      "original": {
        "owner": "nixos",
        "ref": "nixos-unstable",
        "repo": "nixpkgs",
        "type": "github"
      }
    },
    "root": {
      "inputs": {
        "flake-utils": "flake-utils",
        "nixpkgs": "nixpkgs",
        "staging": "staging"
      }
    },
    "staging": {
      "locked": {
        "lastModified": 1703777495,
        "narHash": "sha256-ISkNWa58+6Uk/nQ47omTETrV+yhKFbnU/wR9n+3ux8g=",
        "owner": "caarlos0",
        "repo": "nixpkgs",
        "rev": "e1d1738a056a052aedb6560c240b2749af33fee0",
        "type": "github"
      },
      "original": {
        "owner": "caarlos0",
        "ref": "wip",
        "repo": "nixpkgs",
        "type": "github"
      }
    },
    "systems": {
      "locked": {
        "lastModified": 1681028828,
        "narHash": "sha256-Vy1rq5AaRuLzOxct8nz4T6wlgyUR7zLU309k9mBC768=",
        "owner": "nix-systems",
        "repo": "default",
        "rev": "da67096a3b9bf56a91d16901293e51ba5b49a27e",
        "type": "github"
      },
      "original": {
        "owner": "nix-systems",
        "repo": "default",
        "type": "github"
      }
    }
  },
  "root": "root",
  "version": 7
}
