hash: 4ae97a8ee2374ccb3e4730069be4fe7cd9f222861add5633ebf82cbbee99025e
updated: 2017-01-14T20:01:15.582114617-02:00
imports:
- name: github.com/golang/protobuf
  version: 8ee79997227bf9b34611aee7946ae64735e6fd93
  subpackages:
  - proto
- name: github.com/google/go-github
  version: 90861904aa86352a956f91ba0664df93a3547584
  subpackages:
  - github
- name: github.com/google/go-querystring
  version: 9235644dd9e52eeae6fa48efd539fdc351a0af53
  subpackages:
  - query
- name: github.com/urfave/cli
  version: 0bdeddeeb0f650497d603c4ad7b20cfe685682f6
- name: golang.org/x/net
  version: 6d3beaea10370160dea67f5c9327ed791afd5389
  subpackages:
  - context
- name: golang.org/x/oauth2
  version: 314dd2c0bf3ebd592ec0d20847d27e79d0dbe8dd
  subpackages:
  - internal
- name: golang.org/x/sync
  version: 316e794f7b5e3df4e95175a45a5fb8b12f85cb4f
  subpackages:
  - errgroup
- name: google.golang.org/appengine
  version: 08a149cfaee099e6ce4be01c0113a78c85ee1dee
  subpackages:
  - internal
  - internal/base
  - internal/datastore
  - internal/log
  - internal/remote_api
  - internal/urlfetch
  - urlfetch
- name: gopkg.in/yaml.v1
  version: 9f9df34309c04878acc86042b16630b0f696e1de
testImports:
- name: github.com/davecgh/go-spew
  version: 6d212800a42e8ab5c146b8ace3490ee17e5225f9
  subpackages:
  - spew
- name: github.com/pmezard/go-difflib
  version: d8ed2627bdf02c080bf22230dbb337003b7aba2d
  subpackages:
  - difflib
- name: github.com/stretchr/testify
  version: 69483b4bd14f5845b5a1e55bca19e954e827f1d0
  subpackages:
  - assert
