name: lock-inactive

on:
  schedule:
    - cron: '0 * * * *'

permissions:
  contents: read

jobs:
  lock:
    permissions:
      issues: write  # for dessant/lock-threads to lock issues
      pull-requests: write  # for dessant/lock-threads to lock PRs
    runs-on: ubuntu-latest
    steps:
      - uses: dessant/lock-threads@c1b35aecc5cdb1a34539d14196df55838bb2f836 # v3
        with:
          github-token: ${{ github.token }}
          issue-inactive-days: 30
          pr-inactive-days: 30
          issue-comment: >
            This issue has been automatically locked since there
            has not been any recent activity after it was closed.
            Please open a new issue for related bugs.
          pr-comment: >
            This pull request has been automatically locked since there
            has not been any recent activity after it was closed.
            Please open a new issue for related bugs.
